
Microsoft Visual Studio Solution File, Format Version 12.00
# Visual Studio 15
VisualStudioVersion = 15.0.27428.2037
MinimumVisualStudioVersion = 10.0.40219.1
Project("{FAE04EC0-301F-11D3-BF4B-00C04F79EFBC}") = "Scheduler", "Scheduler\Scheduler.csproj", "{892E8EAC-98F4-42FE-8D87-725101098066}"
EndProject
Global
	GlobalSection(SolutionConfigurationPlatforms) = preSolution
		Debug|Any CPU = Debug|Any CPU
		Release|Any CPU = Release|Any CPU
	EndGlobalSection
	GlobalSection(ProjectConfigurationPlatforms) = postSolution
		{892E8EAC-98F4-42FE-8D87-725101098066}.Debug|Any CPU.ActiveCfg = Debug|Any CPU
		{892E8EAC-98F4-42FE-8D87-725101098066}.Debug|Any CPU.Build.0 = Debug|Any CPU
		{892E8EAC-98F4-42FE-8D87-725101098066}.Release|Any CPU.ActiveCfg = Release|Any CPU
		{892E8EAC-98F4-42FE-8D87-725101098066}.Release|Any CPU.Build.0 = Release|Any CPU
	EndGlobalSection
	GlobalSection(SolutionProperties) = preSolution
		HideSolutionNode = FALSE
	EndGlobalSection
	GlobalSection(ExtensibilityGlobals) = postSolution
		SolutionGuid = {1E1D24F0-497B-4EBE-9D93-2308F21A6988}
	EndGlobalSection
EndGlobal
